
Microsoft Visual Studio Solution File, Format Version 12.00
# Visual Studio Version 17
VisualStudioVersion = 17.11.35208.52
MinimumVisualStudioVersion = 10.0.40219.1
Project("{FAE04EC0-301F-11D3-BF4B-00C04F79EFBC}") = "ConsoleApp6", "ConsoleApp6.csproj", "{5BB3E677-551F-4344-AB74-CF661591593D}"
EndProject
Global
	GlobalSection(SolutionConfigurationPlatforms) = preSolution
		Debug|Any CPU = Debug|Any CPU
		Release|Any CPU = Release|Any CPU
	EndGlobalSection
	GlobalSection(ProjectConfigurationPlatforms) = postSolution
		{5BB3E677-551F-4344-AB74-CF661591593D}.Debug|Any CPU.ActiveCfg = Debug|Any CPU
		{5BB3E677-551F-4344-AB74-CF661591593D}.Debug|Any CPU.Build.0 = Debug|Any CPU
		{5BB3E677-551F-4344-AB74-CF661591593D}.Release|Any CPU.ActiveCfg = Release|Any CPU
		{5BB3E677-551F-4344-AB74-CF661591593D}.Release|Any CPU.Build.0 = Release|Any CPU
	EndGlobalSection
	GlobalSection(SolutionProperties) = preSolution
		HideSolutionNode = FALSE
	EndGlobalSection
	GlobalSection(ExtensibilityGlobals) = postSolution
		SolutionGuid = {72F6AD68-610D-484E-92A8-460689DE402E}
	EndGlobalSection
EndGlobal
